{
    "_readme": [
        "This file locks the dependencies of your project to a known state",
        "Read more about it at https://getcomposer.org/doc/01-basic-usage.md#installing-dependencies",
        "This file is @generated automatically"
    ],
    "content-hash": "bd04c6b3f52a246d263f0c00f616526e",
    "packages": [
        {
            "name": "quagga/constracts",
            "version": "dev-master",
            "source": {
                "type": "git",
                "url": "https://github.com/quagga-cms/constracts.git",
                "reference": "978d5861979e50ff0d82c9799c4ea0df4b48e574"
            },
            "dist": {
                "type": "zip",
                "url": "https://api.github.com/repos/quagga-cms/constracts/zipball/978d5861979e50ff0d82c9799c4ea0df4b48e574",
                "reference": "978d5861979e50ff0d82c9799c4ea0df4b48e574",
                "shasum": ""
            },
            "default-branch": true,
            "type": "library",
            "autoload": {
                "psr-4": {
                    "Quagga\\Constracts\\": "src/"
                }
            },
            "notification-url": "https://packagist.org/downloads/",
            "license": [
                "MIT"
            ],
            "authors": [
                {
                    "name": "Puleeno",
                    "email": "puleeno@gmail.com"
                }
            ],
            "description": "The Quagga framework constracts",
            "support": {
                "issues": "https://github.com/quagga-cms/constracts/issues",
                "source": "https://github.com/quagga-cms/constracts/tree/master"
            },
            "time": "2024-04-13T04:13:18+00:00"
        }
    ],
    "packages-dev": [],
    "aliases": [],
    "minimum-stability": "dev",
    "stability-flags": [],
    "prefer-stable": false,
    "prefer-lowest": false,
    "platform": [],
    "platform-dev": [],
    "plugin-api-version": "2.6.0"
}
